// !$*UTF8*$!
{
	archiveVersion = 1;
	classes = {
	};
	objectVersion = 46;
	objects = {

/* Begin PBXBuildFile section */
		EEE05F6C1F5FD00F00D9E2E3 /* main.m in Sources */ = {isa = PBXBuildFile; fileRef = EEE05F6B1F5FD00F00D9E2E3 /* main.m */; };
		EEE05F6F1F5FD00F00D9E2E3 /* AppDelegate.m in Sources */ = {isa = PBXBuildFile; fileRef = EEE05F6E1F5FD00F00D9E2E3 /* AppDelegate.m */; };
		EEE05F721F5FD00F00D9E2E3 /* ViewController.m in Sources */ = {isa = PBXBuildFile; fileRef = EEE05F711F5FD00F00D9E2E3 /* ViewController.m */; };
		EEE05F751F5FD00F00D9E2E3 /* Main.storyboard in Resources */ = {isa = PBXBuildFile; fileRef = EEE05F731F5FD00F00D9E2E3 /* Main.storyboard */; };
		EEE05F771F5FD00F00D9E2E3 /* Assets.xcassets in Resources */ = {isa = PBXBuildFile; fileRef = EEE05F761F5FD00F00D9E2E3 /* Assets.xcassets */; };
		EEE05F7A1F5FD00F00D9E2E3 /* LaunchScreen.storyboard in Resources */ = {isa = PBXBuildFile; fileRef = EEE05F781F5FD00F00D9E2E3 /* LaunchScreen.storyboard */; };
		EEE05F851F5FD00F00D9E2E3 /* ffmpeg_codec_demoTests.m in Sources */ = {isa = PBXBuildFile; fileRef = EEE05F841F5FD00F00D9E2E3 /* ffmpeg_codec_demoTests.m */; };
/* End PBXBuildFile section */

/* Begin PBXContainerItemProxy section */
		EEE05F811F5FD00F00D9E2E3 /* PBXContainerItemProxy */ = {
			isa = PBXContainerItemProxy;
			containerPortal = EEE05F5F1F5FD00F00D9E2E3 /* Project object */;
			proxyType = 1;
			remoteGlobalIDString = EEE05F661F5FD00F00D9E2E3;
			remoteInfo = ffmpeg_codec_demo;
		};
/* End PBXContainerItemProxy section */

/* Begin PBXFileReference section */
		EEE05F671F5FD00F00D9E2E3 /* ffmpeg_codec_demo.app */ = {isa = PBXFileReference; explicitFileType = wrapper.application; includeInIndex = 0; path = ffmpeg_codec_demo.app; sourceTree = BUILT_PRODUCTS_DIR; };
		EEE05F6B1F5FD00F00D9E2E3 /* main.m */ = {isa = PBXFileReference; lastKnownFileType = sourcecode.c.objc; path = main.m; sourceTree = "<group>"; };
		EEE05F6D1F5FD00F00D9E2E3 /* AppDelegate.h */ = {isa = PBXFileReference; lastKnownFileType = sourcecode.c.h; path = AppDelegate.h; sourceTree = "<group>"; };
		EEE05F6E1F5FD00F00D9E2E3 /* AppDelegate.m */ = {isa = PBXFileReference; lastKnownFileType = sourcecode.c.objc; path = AppDelegate.m; sourceTree = "<group>"; };
		EEE05F701F5FD00F00D9E2E3 /* ViewController.h */ = {isa = PBXFileReference; lastKnownFileType = sourcecode.c.h; path = ViewController.h; sourceTree = "<group>"; };
		EEE05F711F5FD00F00D9E2E3 /* ViewController.m */ = {isa = PBXFileReference; lastKnownFileType = sourcecode.c.objc; path = ViewController.m; sourceTree = "<group>"; };
		EEE05F741F5FD00F00D9E2E3 /* Base */ = {isa = PBXFileReference; lastKnownFileType = file.storyboard; name = Base; path = Base.lproj/Main.storyboard; sourceTree = "<group>"; };
		EEE05F761F5FD00F00D9E2E3 /* Assets.xcassets */ = {isa = PBXFileReference; lastKnownFileType = folder.assetcatalog; path = Assets.xcassets; sourceTree = "<group>"; };
		EEE05F791F5FD00F00D9E2E3 /* Base */ = {isa = PBXFileReference; lastKnownFileType = file.storyboard; name = Base; path = Base.lproj/LaunchScreen.storyboard; sourceTree = "<group>"; };
		EEE05F7B1F5FD00F00D9E2E3 /* Info.plist */ = {isa = PBXFileReference; lastKnownFileType = text.plist.xml; path = Info.plist; sourceTree = "<group>"; };
		EEE05F801F5FD00F00D9E2E3 /* ffmpeg_codec_demoTests.xctest */ = {isa = PBXFileReference; explicitFileType = wrapper.cfbundle; includeInIndex = 0; path = ffmpeg_codec_demoTests.xctest; sourceTree = BUILT_PRODUCTS_DIR; };
		EEE05F841F5FD00F00D9E2E3 /* ffmpeg_codec_demoTests.m */ = {isa = PBXFileReference; lastKnownFileType = sourcecode.c.objc; path = ffmpeg_codec_demoTests.m; sourceTree = "<group>"; };
		EEE05F861F5FD00F00D9E2E3 /* Info.plist */ = {isa = PBXFileReference; lastKnownFileType = text.plist.xml; path = Info.plist; sourceTree = "<group>"; };
/* End PBXFileReference section */

/* Begin PBXFrameworksBuildPhase section */
		EEE05F641F5FD00F00D9E2E3 /* Frameworks */ = {
			isa = PBXFrameworksBuildPhase;
			buildActionMask = 2147483647;
			files = (
			);
			runOnlyForDeploymentPostprocessing = 0;
		};
		EEE05F7D1F5FD00F00D9E2E3 /* Frameworks */ = {
			isa = PBXFrameworksBuildPhase;
			buildActionMask = 2147483647;
			files = (
			);
			runOnlyForDeploymentPostprocessing = 0;
		};
/* End PBXFrameworksBuildPhase section */

/* Begin PBXGroup section */
		EEE05F5E1F5FD00F00D9E2E3 = {
			isa = PBXGroup;
			children = (
				EEE05F691F5FD00F00D9E2E3 /* ffmpeg_codec_demo */,
				EEE05F831F5FD00F00D9E2E3 /* ffmpeg_codec_demoTests */,
				EEE05F681F5FD00F00D9E2E3 /* Products */,
			);
			sourceTree = "<group>";
		};
		EEE05F681F5FD00F00D9E2E3 /* Products */ = {
			isa = PBXGroup;
			children = (
				EEE05F671F5FD00F00D9E2E3 /* ffmpeg_codec_demo.app */,
				EEE05F801F5FD00F00D9E2E3 /* ffmpeg_codec_demoTests.xctest */,
			);
			name = Products;
			sourceTree = "<group>";
		};
		EEE05F691F5FD00F00D9E2E3 /* ffmpeg_codec_demo */ = {
			isa = PBXGroup;
			children = (
				EEE05F6D1F5FD00F00D9E2E3 /* AppDelegate.h */,
				EEE05F6E1F5FD00F00D9E2E3 /* AppDelegate.m */,
				EEE05F701F5FD00F00D9E2E3 /* ViewController.h */,
				EEE05F711F5FD00F00D9E2E3 /* ViewController.m */,
				EEE05F731F5FD00F00D9E2E3 /* Main.storyboard */,
				EEE05F761F5FD00F00D9E2E3 /* Assets.xcassets */,
				EEE05F781F5FD00F00D9E2E3 /* LaunchScreen.storyboard */,
				EEE05F7B1F5FD00F00D9E2E3 /* Info.plist */,
				EEE05F6A1F5FD00F00D9E2E3 /* Supporting Files */,
			);
			path = ffmpeg_codec_demo;
			sourceTree = "<group>";
		};
		EEE05F6A1F5FD00F00D9E2E3 /* Supporting Files */ = {
			isa = PBXGroup;
			children = (
				EEE05F6B1F5FD00F00D9E2E3 /* main.m */,
			);
			name = "Supporting Files";
			sourceTree = "<group>";
		};
		EEE05F831F5FD00F00D9E2E3 /* ffmpeg_codec_demoTests */ = {
			isa = PBXGroup;
			children = (
				EEE05F841F5FD00F00D9E2E3 /* ffmpeg_codec_demoTests.m */,
				EEE05F861F5FD00F00D9E2E3 /* Info.plist */,
			);
			path = ffmpeg_codec_demoTests;
			sourceTree = "<group>";
		};
/* End PBXGroup section */

/* Begin PBXNativeTarget section */
		EEE05F661F5FD00F00D9E2E3 /* ffmpeg_codec_demo */ = {
			isa = PBXNativeTarget;
			buildConfigurationList = EEE05F891F5FD00F00D9E2E3 /* Build configuration list for PBXNativeTarget "ffmpeg_codec_demo" */;
			buildPhases = (
				EEE05F631F5FD00F00D9E2E3 /* Sources */,
				EEE05F641F5FD00F00D9E2E3 /* Frameworks */,
				EEE05F651F5FD00F00D9E2E3 /* Resources */,
			);
			buildRules = (
			);
			dependencies = (
			);
			name = ffmpeg_codec_demo;
			productName = ffmpeg_codec_demo;
			productReference = EEE05F671F5FD00F00D9E2E3 /* ffmpeg_codec_demo.app */;
			productType = "com.apple.product-type.application";
		};
		EEE05F7F1F5FD00F00D9E2E3 /* ffmpeg_codec_demoTests */ = {
			isa = PBXNativeTarget;
			buildConfigurationList = EEE05F8C1F5FD00F00D9E2E3 /* Build configuration list for PBXNativeTarget "ffmpeg_codec_demoTests" */;
			buildPhases = (
				EEE05F7C1F5FD00F00D9E2E3 /* Sources */,
				EEE05F7D1F5FD00F00D9E2E3 /* Frameworks */,
				EEE05F7E1F5FD00F00D9E2E3 /* Resources */,
			);
			buildRules = (
			);
			dependencies = (
				EEE05F821F5FD00F00D9E2E3 /* PBXTargetDependency */,
			);
			name = ffmpeg_codec_demoTests;
			productName = ffmpeg_codec_demoTests;
			productReference = EEE05F801F5FD00F00D9E2E3 /* ffmpeg_codec_demoTests.xctest */;
			productType = "com.apple.product-type.bundle.unit-test";
		};
/* End PBXNativeTarget section */

/* Begin PBXProject section */
		EEE05F5F1F5FD00F00D9E2E3 /* Project object */ = {
			isa = PBXProject;
			attributes = {
				LastUpgradeCheck = 0830;
				ORGANIZATIONNAME = t;
				TargetAttributes = {
					EEE05F661F5FD00F00D9E2E3 = {
						CreatedOnToolsVersion = 8.3.3;
						ProvisioningStyle = Automatic;
					};
					EEE05F7F1F5FD00F00D9E2E3 = {
						CreatedOnToolsVersion = 8.3.3;
						ProvisioningStyle = Automatic;
						TestTargetID = EEE05F661F5FD00F00D9E2E3;
					};
				};
			};
			buildConfigurationList = EEE05F621F5FD00F00D9E2E3 /* Build configuration list for PBXProject "ffmpeg_codec_demo" */;
			compatibilityVersion = "Xcode 3.2";
			developmentRegion = English;
			hasScannedForEncodings = 0;
			knownRegions = (
				en,
				Base,
			);
			mainGroup = EEE05F5E1F5FD00F00D9E2E3;
			productRefGroup = EEE05F681F5FD00F00D9E2E3 /* Products */;
			projectDirPath = "";
			projectRoot = "";
			targets = (
				EEE05F661F5FD00F00D9E2E3 /* ffmpeg_codec_demo */,
				EEE05F7F1F5FD00F00D9E2E3 /* ffmpeg_codec_demoTests */,
			);
		};
/* End PBXProject section */

/* Begin PBXResourcesBuildPhase section */
		EEE05F651F5FD00F00D9E2E3 /* Resources */ = {
			isa = PBXResourcesBuildPhase;
			buildActionMask = 2147483647;
			files = (
				EEE05F7A1F5FD00F00D9E2E3 /* LaunchScreen.storyboard in Resources */,
				EEE05F771F5FD00F00D9E2E3 /* Assets.xcassets in Resources */,
				EEE05F751F5FD00F00D9E2E3 /* Main.storyboard in Resources */,
			);
			runOnlyForDeploymentPostprocessing = 0;
		};
		EEE05F7E1F5FD00F00D9E2E3 /* Resources */ = {
			isa = PBXResourcesBuildPhase;
			buildActionMask = 2147483647;
			files = (
			);
			runOnlyForDeploymentPostprocessing = 0;
		};
/* End PBXResourcesBuildPhase section */

/* Begin PBXSourcesBuildPhase section */
		EEE05F631F5FD00F00D9E2E3 /* Sources */ = {
			isa = PBXSourcesBuildPhase;
			buildActionMask = 2147483647;
			files = (
				EEE05F721F5FD00F00D9E2E3 /* ViewController.m in Sources */,
				EEE05F6F1F5FD00F00D9E2E3 /* AppDelegate.m in Sources */,
				EEE05F6C1F5FD00F00D9E2E3 /* main.m in Sources */,
			);
			runOnlyForDeploymentPostprocessing = 0;
		};
		EEE05F7C1F5FD00F00D9E2E3 /* Sources */ = {
			isa = PBXSourcesBuildPhase;
			buildActionMask = 2147483647;
			files = (
				EEE05F851F5FD00F00D9E2E3 /* ffmpeg_codec_demoTests.m in Sources */,
			);
			runOnlyForDeploymentPostprocessing = 0;
		};
/* End PBXSourcesBuildPhase section */

/* Begin PBXTargetDependency section */
		EEE05F821F5FD00F00D9E2E3 /* PBXTargetDependency */ = {
			isa = PBXTargetDependency;
			target = EEE05F661F5FD00F00D9E2E3 /* ffmpeg_codec_demo */;
			targetProxy = EEE05F811F5FD00F00D9E2E3 /* PBXContainerItemProxy */;
		};
/* End PBXTargetDependency section */

/* Begin PBXVariantGroup section */
		EEE05F731F5FD00F00D9E2E3 /* Main.storyboard */ = {
			isa = PBXVariantGroup;
			children = (
				EEE05F741F5FD00F00D9E2E3 /* Base */,
			);
			name = Main.storyboard;
			sourceTree = "<group>";
		};
		EEE05F781F5FD00F00D9E2E3 /* LaunchScreen.storyboard */ = {
			isa = PBXVariantGroup;
			children = (
				EEE05F791F5FD00F00D9E2E3 /* Base */,
			);
			name = LaunchScreen.storyboard;
			sourceTree = "<group>";
		};
/* End PBXVariantGroup section */

/* Begin XCBuildConfiguration section */
		EEE05F871F5FD00F00D9E2E3 /* Debug */ = {
			isa = XCBuildConfiguration;
			buildSettings = {
				ALWAYS_SEARCH_USER_PATHS = NO;
				CLANG_ANALYZER_NONNULL = YES;
				CLANG_ANALYZER_NUMBER_OBJECT_CONVERSION = YES_AGGRESSIVE;
				CLANG_CXX_LANGUAGE_STANDARD = "gnu++0x";
				CLANG_CXX_LIBRARY = "libc++";
				CLANG_ENABLE_MODULES = YES;
				CLANG_ENABLE_OBJC_ARC = YES;
				CLANG_WARN_BOOL_CONVERSION = YES;
				CLANG_WARN_CONSTANT_CONVERSION = YES;
				CLANG_WARN_DIRECT_OBJC_ISA_USAGE = YES_ERROR;
				CLANG_WARN_DOCUMENTATION_COMMENTS = YES;
				CLANG_WARN_EMPTY_BODY = YES;
				CLANG_WARN_ENUM_CONVERSION = YES;
				CLANG_WARN_INFINITE_RECURSION = YES;
				CLANG_WARN_INT_CONVERSION = YES;
				CLANG_WARN_OBJC_ROOT_CLASS = YES_ERROR;
				CLANG_WARN_SUSPICIOUS_MOVE = YES;
				CLANG_WARN_UNREACHABLE_CODE = YES;
				CLANG_WARN__DUPLICATE_METHOD_MATCH = YES;
				"CODE_SIGN_IDENTITY[sdk=iphoneos*]" = "iPhone Developer";
				COPY_PHASE_STRIP = NO;
				DEBUG_INFORMATION_FORMAT = dwarf;
				ENABLE_STRICT_OBJC_MSGSEND = YES;
				ENABLE_TESTABILITY = YES;
				GCC_C_LANGUAGE_STANDARD = gnu99;
				GCC_DYNAMIC_NO_PIC = NO;
				GCC_NO_COMMON_BLOCKS = YES;
				GCC_OPTIMIZATION_LEVEL = 0;
				GCC_PREPROCESSOR_DEFINITIONS = (
					"DEBUG=1",
					"$(inherited)",
				);
				GCC_WARN_64_TO_32_BIT_CONVERSION = YES;
				GCC_WARN_ABOUT_RETURN_TYPE = YES_ERROR;
				GCC_WARN_UNDECLARED_SELECTOR = YES;
				GCC_WARN_UNINITIALIZED_AUTOS = YES_AGGRESSIVE;
				GCC_WARN_UNUSED_FUNCTION = YES;
				GCC_WARN_UNUSED_VARIABLE = YES;
				IPHONEOS_DEPLOYMENT_TARGET = 10.3;
				MTL_ENABLE_DEBUG_INFO = YES;
				ONLY_ACTIVE_ARCH = YES;
				SDKROOT = iphoneos;
			};
			name = Debug;
		};
		EEE05F881F5FD00F00D9E2E3 /* Release */ = {
			isa = XCBuildConfiguration;
			buildSettings = {
				ALWAYS_SEARCH_USER_PATHS = NO;
				CLANG_ANALYZER_NONNULL = YES;
				CLANG_ANALYZER_NUMBER_OBJECT_CONVERSION = YES_AGGRESSIVE;
				CLANG_CXX_LANGUAGE_STANDARD = "gnu++0x";
				CLANG_CXX_LIBRARY = "libc++";
				CLANG_ENABLE_MODULES = YES;
				CLANG_ENABLE_OBJC_ARC = YES;
				CLANG_WARN_BOOL_CONVERSION = YES;
				CLANG_WARN_CONSTANT_CONVERSION = YES;
				CLANG_WARN_DIRECT_OBJC_ISA_USAGE = YES_ERROR;
				CLANG_WARN_DOCUMENTATION_COMMENTS = YES;
				CLANG_WARN_EMPTY_BODY = YES;
				CLANG_WARN_ENUM_CONVERSION = YES;
				CLANG_WARN_INFINITE_RECURSION = YES;
				CLANG_WARN_INT_CONVERSION = YES;
				CLANG_WARN_OBJC_ROOT_CLASS = YES_ERROR;
				CLANG_WARN_SUSPICIOUS_MOVE = YES;
				CLANG_WARN_UNREACHABLE_CODE = YES;
				CLANG_WARN__DUPLICATE_METHOD_MATCH = YES;
				"CODE_SIGN_IDENTITY[sdk=iphoneos*]" = "iPhone Developer";
				COPY_PHASE_STRIP = NO;
				DEBUG_INFORMATION_FORMAT = "dwarf-with-dsym";
				ENABLE_NS_ASSERTIONS = NO;
				ENABLE_STRICT_OBJC_MSGSEND = YES;
				GCC_C_LANGUAGE_STANDARD = gnu99;
				GCC_NO_COMMON_BLOCKS = YES;
				GCC_WARN_64_TO_32_BIT_CONVERSION = YES;
				GCC_WARN_ABOUT_RETURN_TYPE = YES_ERROR;
				GCC_WARN_UNDECLARED_SELECTOR = YES;
				GCC_WARN_UNINITIALIZED_AUTOS = YES_AGGRESSIVE;
				GCC_WARN_UNUSED_FUNCTION = YES;
				GCC_WARN_UNUSED_VARIABLE = YES;
				IPHONEOS_DEPLOYMENT_TARGET = 10.3;
				MTL_ENABLE_DEBUG_INFO = NO;
				SDKROOT = iphoneos;
				VALIDATE_PRODUCT = YES;
			};
			name = Release;
		};
		EEE05F8A1F5FD00F00D9E2E3 /* Debug */ = {
			isa = XCBuildConfiguration;
			buildSettings = {
				ASSETCATALOG_COMPILER_APPICON_NAME = AppIcon;
				INFOPLIST_FILE = ffmpeg_codec_demo/Info.plist;
				LD_RUNPATH_SEARCH_PATHS = "$(inherited) @executable_path/Frameworks";
				PRODUCT_BUNDLE_IDENTIFIER = "com.t.ffmpeg-codec-demo";
				PRODUCT_NAME = "$(TARGET_NAME)";
			};
			name = Debug;
		};
		EEE05F8B1F5FD00F00D9E2E3 /* Release */ = {
			isa = XCBuildConfiguration;
			buildSettings = {
				ASSETCATALOG_COMPILER_APPICON_NAME = AppIcon;
				INFOPLIST_FILE = ffmpeg_codec_demo/Info.plist;
				LD_RUNPATH_SEARCH_PATHS = "$(inherited) @executable_path/Frameworks";
				PRODUCT_BUNDLE_IDENTIFIER = "com.t.ffmpeg-codec-demo";
				PRODUCT_NAME = "$(TARGET_NAME)";
			};
			name = Release;
		};
		EEE05F8D1F5FD00F00D9E2E3 /* Debug */ = {
			isa = XCBuildConfiguration;
			buildSettings = {
				BUNDLE_LOADER = "$(TEST_HOST)";
				INFOPLIST_FILE = ffmpeg_codec_demoTests/Info.plist;
				LD_RUNPATH_SEARCH_PATHS = "$(inherited) @executable_path/Frameworks @loader_path/Frameworks";
				PRODUCT_BUNDLE_IDENTIFIER = "com.t.ffmpeg-codec-demoTests";
				PRODUCT_NAME = "$(TARGET_NAME)";
				TEST_HOST = "$(BUILT_PRODUCTS_DIR)/ffmpeg_codec_demo.app/ffmpeg_codec_demo";
			};
			name = Debug;
		};
		EEE05F8E1F5FD00F00D9E2E3 /* Release */ = {
			isa = XCBuildConfiguration;
			buildSettings = {
				BUNDLE_LOADER = "$(TEST_HOST)";
				INFOPLIST_FILE = ffmpeg_codec_demoTests/Info.plist;
				LD_RUNPATH_SEARCH_PATHS = "$(inherited) @executable_path/Frameworks @loader_path/Frameworks";
				PRODUCT_BUNDLE_IDENTIFIER = "com.t.ffmpeg-codec-demoTests";
				PRODUCT_NAME = "$(TARGET_NAME)";
				TEST_HOST = "$(BUILT_PRODUCTS_DIR)/ffmpeg_codec_demo.app/ffmpeg_codec_demo";
			};
			name = Release;
		};
/* End XCBuildConfiguration section */

/* Begin XCConfigurationList section */
		EEE05F621F5FD00F00D9E2E3 /* Build configuration list for PBXProject "ffmpeg_codec_demo" */ = {
			isa = XCConfigurationList;
			buildConfigurations = (
				EEE05F871F5FD00F00D9E2E3 /* Debug */,
				EEE05F881F5FD00F00D9E2E3 /* Release */,
			);
			defaultConfigurationIsVisible = 0;
			defaultConfigurationName = Release;
		};
		EEE05F891F5FD00F00D9E2E3 /* Build configuration list for PBXNativeTarget "ffmpeg_codec_demo" */ = {
			isa = XCConfigurationList;
			buildConfigurations = (
				EEE05F8A1F5FD00F00D9E2E3 /* Debug */,
				EEE05F8B1F5FD00F00D9E2E3 /* Release */,
			);
			defaultConfigurationIsVisible = 0;
		};
		EEE05F8C1F5FD00F00D9E2E3 /* Build configuration list for PBXNativeTarget "ffmpeg_codec_demoTests" */ = {
			isa = XCConfigurationList;
			buildConfigurations = (
				EEE05F8D1F5FD00F00D9E2E3 /* Debug */,
				EEE05F8E1F5FD00F00D9E2E3 /* Release */,
			);
			defaultConfigurationIsVisible = 0;
		};
/* End XCConfigurationList section */
	};
	rootObject = EEE05F5F1F5FD00F00D9E2E3 /* Project object */;
}
